
Microsoft Visual Studio Solution File, Format Version 12.00
# Visual Studio Version 17
VisualStudioVersion = 17.4.33103.184
MinimumVisualStudioVersion = 10.0.40219.1
Project("{9A19103F-16F7-4668-BE54-9A1E7A4F7556}") = "WebDashboard", "WebDashboard\WebDashboard.csproj", "{3B2CC30C-A51E-4D27-9030-AC718B9D24A6}"
EndProject
Project("{9A19103F-16F7-4668-BE54-9A1E7A4F7556}") = "ResponseProcessor", "ResponseProcessor\ResponseProcessor.csproj", "{3703F4D8-2609-4895-A2B1-E6247A02E951}"
EndProject
Project("{9A19103F-16F7-4668-BE54-9A1E7A4F7556}") = "RequestProcessor", "RequestProcessor\RequestProcessor.csproj", "{0B2D5374-616F-42A5-BDF1-7086F1B456CF}"
EndProject
Global
	GlobalSection(SolutionConfigurationPlatforms) = preSolution
		Debug|Any CPU = Debug|Any CPU
		Release|Any CPU = Release|Any CPU
	EndGlobalSection
	GlobalSection(ProjectConfigurationPlatforms) = postSolution
		{3B2CC30C-A51E-4D27-9030-AC718B9D24A6}.Debug|Any CPU.ActiveCfg = Debug|Any CPU
		{3B2CC30C-A51E-4D27-9030-AC718B9D24A6}.Debug|Any CPU.Build.0 = Debug|Any CPU
		{3B2CC30C-A51E-4D27-9030-AC718B9D24A6}.Release|Any CPU.ActiveCfg = Release|Any CPU
		{3B2CC30C-A51E-4D27-9030-AC718B9D24A6}.Release|Any CPU.Build.0 = Release|Any CPU
		{3703F4D8-2609-4895-A2B1-E6247A02E951}.Debug|Any CPU.ActiveCfg = Debug|Any CPU
		{3703F4D8-2609-4895-A2B1-E6247A02E951}.Debug|Any CPU.Build.0 = Debug|Any CPU
		{3703F4D8-2609-4895-A2B1-E6247A02E951}.Release|Any CPU.ActiveCfg = Release|Any CPU
		{3703F4D8-2609-4895-A2B1-E6247A02E951}.Release|Any CPU.Build.0 = Release|Any CPU
		{0B2D5374-616F-42A5-BDF1-7086F1B456CF}.Debug|Any CPU.ActiveCfg = Debug|Any CPU
		{0B2D5374-616F-42A5-BDF1-7086F1B456CF}.Debug|Any CPU.Build.0 = Debug|Any CPU
		{0B2D5374-616F-42A5-BDF1-7086F1B456CF}.Release|Any CPU.ActiveCfg = Release|Any CPU
		{0B2D5374-616F-42A5-BDF1-7086F1B456CF}.Release|Any CPU.Build.0 = Release|Any CPU
	EndGlobalSection
	GlobalSection(SolutionProperties) = preSolution
		HideSolutionNode = FALSE
	EndGlobalSection
	GlobalSection(ExtensibilityGlobals) = postSolution
		SolutionGuid = {2CB14375-2B7B-4BB2-9D21-88F41DD826A7}
	EndGlobalSection
EndGlobal
